
Microsoft Visual Studio Solution File, Format Version 12.00
# Visual Studio 15
VisualStudioVersion = 15.0.27004.2005
MinimumVisualStudioVersion = 10.0.40219.1
Project("{FAE04EC0-301F-11D3-BF4B-00C04F79EFBC}") = "Sundays.Console", "Sundays.Console\Sundays.Console.csproj", "{7F47F54A-895E-465B-9A16-FD4F2EB5A21B}"
EndProject
Project("{9A19103F-16F7-4668-BE54-9A1E7A4F7556}") = "SundaysFunction", "SundaysFunction\SundaysFunction.csproj", "{95B7F3F1-63B5-4BD7-A3EC-6069E5951365}"
EndProject
Project("{D954291E-2A0B-460D-934E-DC6B0785DB48}") = "Sundays.Client.App", "Sundays.Client.App\Sundays.Client.App\Sundays.Client.App.shproj", "{DF1A2023-FFCF-45CD-99F2-723C8215EF7B}"
EndProject
Project("{FAE04EC0-301F-11D3-BF4B-00C04F79EFBC}") = "Sundays.Client.App.iOS", "Sundays.Client.App\Sundays.Client.App.iOS\Sundays.Client.App.iOS.csproj", "{101BD4AC-8938-4771-B694-40F61918DCF6}"
EndProject
Project("{FAE04EC0-301F-11D3-BF4B-00C04F79EFBC}") = "Sundays.Client.App.UWP", "Sundays.Client.App\Sundays.Client.App.UWP\Sundays.Client.App.UWP.csproj", "{CF20698B-427F-45DA-89A9-4E7998D69D5E}"
EndProject
Project("{FAE04EC0-301F-11D3-BF4B-00C04F79EFBC}") = "Sundays.Client.App.Android", "Sundays.Client.App\Sundays.Client.App.Android\Sundays.Client.App.Android.csproj", "{D14E3F26-1820-4FEF-9015-E42C8E8B4E05}"
EndProject
Project("{FAE04EC0-301F-11D3-BF4B-00C04F79EFBC}") = "Sundays.Data", "Sundays.Data\Sundays.Data.csproj", "{4EC3A8F6-E487-488F-9A6F-03775DBF0A22}"
EndProject
Project("{FAE04EC0-301F-11D3-BF4B-00C04F79EFBC}") = "Sundays.Data.Solarwatt", "Sundays.Data.Solarwatt\Sundays.Data.Solarwatt.csproj", "{52B37321-D0B6-4889-AFB2-9DF90DA7C900}"
EndProject
Global
	GlobalSection(SharedMSBuildProjectFiles) = preSolution
		Sundays.Client.App\Sundays.Client.App\Sundays.Client.App.projitems*{101bd4ac-8938-4771-b694-40f61918dcf6}*SharedItemsImports = 4
		Sundays.Client.App\Sundays.Client.App\Sundays.Client.App.projitems*{cf20698b-427f-45da-89a9-4e7998d69d5e}*SharedItemsImports = 4
		Sundays.Client.App\Sundays.Client.App\Sundays.Client.App.projitems*{d14e3f26-1820-4fef-9015-e42c8e8b4e05}*SharedItemsImports = 4
		Sundays.Client.App\Sundays.Client.App\Sundays.Client.App.projitems*{df1a2023-ffcf-45cd-99f2-723c8215ef7b}*SharedItemsImports = 13
	EndGlobalSection
	GlobalSection(SolutionConfigurationPlatforms) = preSolution
		Ad-Hoc|Any CPU = Ad-Hoc|Any CPU
		Ad-Hoc|ARM = Ad-Hoc|ARM
		Ad-Hoc|iPhone = Ad-Hoc|iPhone
		Ad-Hoc|iPhoneSimulator = Ad-Hoc|iPhoneSimulator
		Ad-Hoc|x64 = Ad-Hoc|x64
		Ad-Hoc|x86 = Ad-Hoc|x86
		AppStore|Any CPU = AppStore|Any CPU
		AppStore|ARM = AppStore|ARM
		AppStore|iPhone = AppStore|iPhone
		AppStore|iPhoneSimulator = AppStore|iPhoneSimulator
		AppStore|x64 = AppStore|x64
		AppStore|x86 = AppStore|x86
		Debug|Any CPU = Debug|Any CPU
		Debug|ARM = Debug|ARM
		Debug|iPhone = Debug|iPhone
		Debug|iPhoneSimulator = Debug|iPhoneSimulator
		Debug|x64 = Debug|x64
		Debug|x86 = Debug|x86
		Release|Any CPU = Release|Any CPU
		Release|ARM = Release|ARM
		Release|iPhone = Release|iPhone
		Release|iPhoneSimulator = Release|iPhoneSimulator
		Release|x64 = Release|x64
		Release|x86 = Release|x86
	EndGlobalSection
	GlobalSection(ProjectConfigurationPlatforms) = postSolution
		{7F47F54A-895E-465B-9A16-FD4F2EB5A21B}.Ad-Hoc|Any CPU.ActiveCfg = Release|Any CPU
		{7F47F54A-895E-465B-9A16-FD4F2EB5A21B}.Ad-Hoc|Any CPU.Build.0 = Release|Any CPU
		{7F47F54A-895E-465B-9A16-FD4F2EB5A21B}.Ad-Hoc|ARM.ActiveCfg = Release|Any CPU
		{7F47F54A-895E-465B-9A16-FD4F2EB5A21B}.Ad-Hoc|ARM.Build.0 = Release|Any CPU
		{7F47F54A-895E-465B-9A16-FD4F2EB5A21B}.Ad-Hoc|iPhone.ActiveCfg = Release|Any CPU
		{7F47F54A-895E-465B-9A16-FD4F2EB5A21B}.Ad-Hoc|iPhone.Build.0 = Release|Any CPU
		{7F47F54A-895E-465B-9A16-FD4F2EB5A21B}.Ad-Hoc|iPhoneSimulator.ActiveCfg = Release|Any CPU
		{7F47F54A-895E-465B-9A16-FD4F2EB5A21B}.Ad-Hoc|iPhoneSimulator.Build.0 = Release|Any CPU
		{7F47F54A-895E-465B-9A16-FD4F2EB5A21B}.Ad-Hoc|x64.ActiveCfg = Release|Any CPU
		{7F47F54A-895E-465B-9A16-FD4F2EB5A21B}.Ad-Hoc|x64.Build.0 = Release|Any CPU
		{7F47F54A-895E-465B-9A16-FD4F2EB5A21B}.Ad-Hoc|x86.ActiveCfg = Release|Any CPU
		{7F47F54A-895E-465B-9A16-FD4F2EB5A21B}.Ad-Hoc|x86.Build.0 = Release|Any CPU
		{7F47F54A-895E-465B-9A16-FD4F2EB5A21B}.AppStore|Any CPU.ActiveCfg = Release|Any CPU
		{7F47F54A-895E-465B-9A16-FD4F2EB5A21B}.AppStore|Any CPU.Build.0 = Release|Any CPU
		{7F47F54A-895E-465B-9A16-FD4F2EB5A21B}.AppStore|ARM.ActiveCfg = Release|Any CPU
		{7F47F54A-895E-465B-9A16-FD4F2EB5A21B}.AppStore|ARM.Build.0 = Release|Any CPU
		{7F47F54A-895E-465B-9A16-FD4F2EB5A21B}.AppStore|iPhone.ActiveCfg = Release|Any CPU
		{7F47F54A-895E-465B-9A16-FD4F2EB5A21B}.AppStore|iPhone.Build.0 = Release|Any CPU
		{7F47F54A-895E-465B-9A16-FD4F2EB5A21B}.AppStore|iPhoneSimulator.ActiveCfg = Release|Any CPU
		{7F47F54A-895E-465B-9A16-FD4F2EB5A21B}.AppStore|iPhoneSimulator.Build.0 = Release|Any CPU
		{7F47F54A-895E-465B-9A16-FD4F2EB5A21B}.AppStore|x64.ActiveCfg = Release|Any CPU
		{7F47F54A-895E-465B-9A16-FD4F2EB5A21B}.AppStore|x64.Build.0 = Release|Any CPU
		{7F47F54A-895E-465B-9A16-FD4F2EB5A21B}.AppStore|x86.ActiveCfg = Release|Any CPU
		{7F47F54A-895E-465B-9A16-FD4F2EB5A21B}.AppStore|x86.Build.0 = Release|Any CPU
		{7F47F54A-895E-465B-9A16-FD4F2EB5A21B}.Debug|Any CPU.ActiveCfg = Debug|Any CPU
		{7F47F54A-895E-465B-9A16-FD4F2EB5A21B}.Debug|Any CPU.Build.0 = Debug|Any CPU
		{7F47F54A-895E-465B-9A16-FD4F2EB5A21B}.Debug|ARM.ActiveCfg = Debug|Any CPU
		{7F47F54A-895E-465B-9A16-FD4F2EB5A21B}.Debug|ARM.Build.0 = Debug|Any CPU
		{7F47F54A-895E-465B-9A16-FD4F2EB5A21B}.Debug|iPhone.ActiveCfg = Debug|Any CPU
		{7F47F54A-895E-465B-9A16-FD4F2EB5A21B}.Debug|iPhone.Build.0 = Debug|Any CPU
		{7F47F54A-895E-465B-9A16-FD4F2EB5A21B}.Debug|iPhoneSimulator.ActiveCfg = Debug|Any CPU
		{7F47F54A-895E-465B-9A16-FD4F2EB5A21B}.Debug|iPhoneSimulator.Build.0 = Debug|Any CPU
		{7F47F54A-895E-465B-9A16-FD4F2EB5A21B}.Debug|x64.ActiveCfg = Debug|Any CPU
		{7F47F54A-895E-465B-9A16-FD4F2EB5A21B}.Debug|x64.Build.0 = Debug|Any CPU
		{7F47F54A-895E-465B-9A16-FD4F2EB5A21B}.Debug|x86.ActiveCfg = Debug|Any CPU
		{7F47F54A-895E-465B-9A16-FD4F2EB5A21B}.Debug|x86.Build.0 = Debug|Any CPU
		{7F47F54A-895E-465B-9A16-FD4F2EB5A21B}.Release|Any CPU.ActiveCfg = Release|Any CPU
		{7F47F54A-895E-465B-9A16-FD4F2EB5A21B}.Release|Any CPU.Build.0 = Release|Any CPU
		{7F47F54A-895E-465B-9A16-FD4F2EB5A21B}.Release|ARM.ActiveCfg = Release|Any CPU
		{7F47F54A-895E-465B-9A16-FD4F2EB5A21B}.Release|ARM.Build.0 = Release|Any CPU
		{7F47F54A-895E-465B-9A16-FD4F2EB5A21B}.Release|iPhone.ActiveCfg = Release|Any CPU
		{7F47F54A-895E-465B-9A16-FD4F2EB5A21B}.Release|iPhone.Build.0 = Release|Any CPU
		{7F47F54A-895E-465B-9A16-FD4F2EB5A21B}.Release|iPhoneSimulator.ActiveCfg = Release|Any CPU
		{7F47F54A-895E-465B-9A16-FD4F2EB5A21B}.Release|iPhoneSimulator.Build.0 = Release|Any CPU
		{7F47F54A-895E-465B-9A16-FD4F2EB5A21B}.Release|x64.ActiveCfg = Release|Any CPU
		{7F47F54A-895E-465B-9A16-FD4F2EB5A21B}.Release|x64.Build.0 = Release|Any CPU
		{7F47F54A-895E-465B-9A16-FD4F2EB5A21B}.Release|x86.ActiveCfg = Release|Any CPU
		{7F47F54A-895E-465B-9A16-FD4F2EB5A21B}.Release|x86.Build.0 = Release|Any CPU
		{95B7F3F1-63B5-4BD7-A3EC-6069E5951365}.Ad-Hoc|Any CPU.ActiveCfg = Release|Any CPU
		{95B7F3F1-63B5-4BD7-A3EC-6069E5951365}.Ad-Hoc|Any CPU.Build.0 = Release|Any CPU
		{95B7F3F1-63B5-4BD7-A3EC-6069E5951365}.Ad-Hoc|ARM.ActiveCfg = Release|Any CPU
		{95B7F3F1-63B5-4BD7-A3EC-6069E5951365}.Ad-Hoc|ARM.Build.0 = Release|Any CPU
		{95B7F3F1-63B5-4BD7-A3EC-6069E5951365}.Ad-Hoc|iPhone.ActiveCfg = Release|Any CPU
		{95B7F3F1-63B5-4BD7-A3EC-6069E5951365}.Ad-Hoc|iPhone.Build.0 = Release|Any CPU
		{95B7F3F1-63B5-4BD7-A3EC-6069E5951365}.Ad-Hoc|iPhoneSimulator.ActiveCfg = Release|Any CPU
		{95B7F3F1-63B5-4BD7-A3EC-6069E5951365}.Ad-Hoc|iPhoneSimulator.Build.0 = Release|Any CPU
		{95B7F3F1-63B5-4BD7-A3EC-6069E5951365}.Ad-Hoc|x64.ActiveCfg = Release|Any CPU
		{95B7F3F1-63B5-4BD7-A3EC-6069E5951365}.Ad-Hoc|x64.Build.0 = Release|Any CPU
		{95B7F3F1-63B5-4BD7-A3EC-6069E5951365}.Ad-Hoc|x86.ActiveCfg = Release|Any CPU
		{95B7F3F1-63B5-4BD7-A3EC-6069E5951365}.Ad-Hoc|x86.Build.0 = Release|Any CPU
		{95B7F3F1-63B5-4BD7-A3EC-6069E5951365}.AppStore|Any CPU.ActiveCfg = Release|Any CPU
		{95B7F3F1-63B5-4BD7-A3EC-6069E5951365}.AppStore|Any CPU.Build.0 = Release|Any CPU
		{95B7F3F1-63B5-4BD7-A3EC-6069E5951365}.AppStore|ARM.ActiveCfg = Release|Any CPU
		{95B7F3F1-63B5-4BD7-A3EC-6069E5951365}.AppStore|ARM.Build.0 = Release|Any CPU
		{95B7F3F1-63B5-4BD7-A3EC-6069E5951365}.AppStore|iPhone.ActiveCfg = Release|Any CPU
		{95B7F3F1-63B5-4BD7-A3EC-6069E5951365}.AppStore|iPhone.Build.0 = Release|Any CPU
		{95B7F3F1-63B5-4BD7-A3EC-6069E5951365}.AppStore|iPhoneSimulator.ActiveCfg = Release|Any CPU
		{95B7F3F1-63B5-4BD7-A3EC-6069E5951365}.AppStore|iPhoneSimulator.Build.0 = Release|Any CPU
		{95B7F3F1-63B5-4BD7-A3EC-6069E5951365}.AppStore|x64.ActiveCfg = Release|Any CPU
		{95B7F3F1-63B5-4BD7-A3EC-6069E5951365}.AppStore|x64.Build.0 = Release|Any CPU
		{95B7F3F1-63B5-4BD7-A3EC-6069E5951365}.AppStore|x86.ActiveCfg = Release|Any CPU
		{95B7F3F1-63B5-4BD7-A3EC-6069E5951365}.AppStore|x86.Build.0 = Release|Any CPU
		{95B7F3F1-63B5-4BD7-A3EC-6069E5951365}.Debug|Any CPU.ActiveCfg = Debug|Any CPU
		{95B7F3F1-63B5-4BD7-A3EC-6069E5951365}.Debug|Any CPU.Build.0 = Debug|Any CPU
		{95B7F3F1-63B5-4BD7-A3EC-6069E5951365}.Debug|ARM.ActiveCfg = Debug|Any CPU
		{95B7F3F1-63B5-4BD7-A3EC-6069E5951365}.Debug|ARM.Build.0 = Debug|Any CPU
		{95B7F3F1-63B5-4BD7-A3EC-6069E5951365}.Debug|iPhone.ActiveCfg = Debug|Any CPU
		{95B7F3F1-63B5-4BD7-A3EC-6069E5951365}.Debug|iPhone.Build.0 = Debug|Any CPU
		{95B7F3F1-63B5-4BD7-A3EC-6069E5951365}.Debug|iPhoneSimulator.ActiveCfg = Debug|Any CPU
		{95B7F3F1-63B5-4BD7-A3EC-6069E5951365}.Debug|iPhoneSimulator.Build.0 = Debug|Any CPU
		{95B7F3F1-63B5-4BD7-A3EC-6069E5951365}.Debug|x64.ActiveCfg = Debug|Any CPU
		{95B7F3F1-63B5-4BD7-A3EC-6069E5951365}.Debug|x64.Build.0 = Debug|Any CPU
		{95B7F3F1-63B5-4BD7-A3EC-6069E5951365}.Debug|x86.ActiveCfg = Debug|Any CPU
		{95B7F3F1-63B5-4BD7-A3EC-6069E5951365}.Debug|x86.Build.0 = Debug|Any CPU
		{95B7F3F1-63B5-4BD7-A3EC-6069E5951365}.Release|Any CPU.ActiveCfg = Release|Any CPU
		{95B7F3F1-63B5-4BD7-A3EC-6069E5951365}.Release|Any CPU.Build.0 = Release|Any CPU
		{95B7F3F1-63B5-4BD7-A3EC-6069E5951365}.Release|ARM.ActiveCfg = Release|Any CPU
		{95B7F3F1-63B5-4BD7-A3EC-6069E5951365}.Release|ARM.Build.0 = Release|Any CPU
		{95B7F3F1-63B5-4BD7-A3EC-6069E5951365}.Release|iPhone.ActiveCfg = Release|Any CPU
		{95B7F3F1-63B5-4BD7-A3EC-6069E5951365}.Release|iPhone.Build.0 = Release|Any CPU
		{95B7F3F1-63B5-4BD7-A3EC-6069E5951365}.Release|iPhoneSimulator.ActiveCfg = Release|Any CPU
		{95B7F3F1-63B5-4BD7-A3EC-6069E5951365}.Release|iPhoneSimulator.Build.0 = Release|Any CPU
		{95B7F3F1-63B5-4BD7-A3EC-6069E5951365}.Release|x64.ActiveCfg = Release|Any CPU
		{95B7F3F1-63B5-4BD7-A3EC-6069E5951365}.Release|x64.Build.0 = Release|Any CPU
		{95B7F3F1-63B5-4BD7-A3EC-6069E5951365}.Release|x86.ActiveCfg = Release|Any CPU
		{95B7F3F1-63B5-4BD7-A3EC-6069E5951365}.Release|x86.Build.0 = Release|Any CPU
		{101BD4AC-8938-4771-B694-40F61918DCF6}.Ad-Hoc|Any CPU.ActiveCfg = Ad-Hoc|iPhoneSimulator
		{101BD4AC-8938-4771-B694-40F61918DCF6}.Ad-Hoc|ARM.ActiveCfg = Ad-Hoc|iPhone
		{101BD4AC-8938-4771-B694-40F61918DCF6}.Ad-Hoc|iPhone.ActiveCfg = Ad-Hoc|iPhone
		{101BD4AC-8938-4771-B694-40F61918DCF6}.Ad-Hoc|iPhone.Build.0 = Ad-Hoc|iPhone
		{101BD4AC-8938-4771-B694-40F61918DCF6}.Ad-Hoc|iPhoneSimulator.ActiveCfg = Ad-Hoc|iPhoneSimulator
		{101BD4AC-8938-4771-B694-40F61918DCF6}.Ad-Hoc|iPhoneSimulator.Build.0 = Ad-Hoc|iPhoneSimulator
		{101BD4AC-8938-4771-B694-40F61918DCF6}.Ad-Hoc|x64.ActiveCfg = Ad-Hoc|iPhone
		{101BD4AC-8938-4771-B694-40F61918DCF6}.Ad-Hoc|x86.ActiveCfg = Ad-Hoc|iPhone
		{101BD4AC-8938-4771-B694-40F61918DCF6}.AppStore|Any CPU.ActiveCfg = AppStore|iPhoneSimulator
		{101BD4AC-8938-4771-B694-40F61918DCF6}.AppStore|ARM.ActiveCfg = AppStore|iPhone
		{101BD4AC-8938-4771-B694-40F61918DCF6}.AppStore|iPhone.ActiveCfg = AppStore|iPhone
		{101BD4AC-8938-4771-B694-40F61918DCF6}.AppStore|iPhone.Build.0 = AppStore|iPhone
		{101BD4AC-8938-4771-B694-40F61918DCF6}.AppStore|iPhoneSimulator.ActiveCfg = AppStore|iPhoneSimulator
		{101BD4AC-8938-4771-B694-40F61918DCF6}.AppStore|iPhoneSimulator.Build.0 = AppStore|iPhoneSimulator
		{101BD4AC-8938-4771-B694-40F61918DCF6}.AppStore|x64.ActiveCfg = AppStore|iPhone
		{101BD4AC-8938-4771-B694-40F61918DCF6}.AppStore|x86.ActiveCfg = AppStore|iPhone
		{101BD4AC-8938-4771-B694-40F61918DCF6}.Debug|Any CPU.ActiveCfg = Debug|iPhoneSimulator
		{101BD4AC-8938-4771-B694-40F61918DCF6}.Debug|ARM.ActiveCfg = Debug|iPhone
		{101BD4AC-8938-4771-B694-40F61918DCF6}.Debug|iPhone.ActiveCfg = Debug|iPhone
		{101BD4AC-8938-4771-B694-40F61918DCF6}.Debug|iPhone.Build.0 = Debug|iPhone
		{101BD4AC-8938-4771-B694-40F61918DCF6}.Debug|iPhoneSimulator.ActiveCfg = Debug|iPhoneSimulator
		{101BD4AC-8938-4771-B694-40F61918DCF6}.Debug|iPhoneSimulator.Build.0 = Debug|iPhoneSimulator
		{101BD4AC-8938-4771-B694-40F61918DCF6}.Debug|x64.ActiveCfg = Debug|iPhone
		{101BD4AC-8938-4771-B694-40F61918DCF6}.Debug|x86.ActiveCfg = Debug|iPhone
		{101BD4AC-8938-4771-B694-40F61918DCF6}.Release|Any CPU.ActiveCfg = Release|iPhoneSimulator
		{101BD4AC-8938-4771-B694-40F61918DCF6}.Release|ARM.ActiveCfg = Release|iPhone
		{101BD4AC-8938-4771-B694-40F61918DCF6}.Release|iPhone.ActiveCfg = Release|iPhone
		{101BD4AC-8938-4771-B694-40F61918DCF6}.Release|iPhone.Build.0 = Release|iPhone
		{101BD4AC-8938-4771-B694-40F61918DCF6}.Release|iPhoneSimulator.ActiveCfg = Release|iPhoneSimulator
		{101BD4AC-8938-4771-B694-40F61918DCF6}.Release|iPhoneSimulator.Build.0 = Release|iPhoneSimulator
		{101BD4AC-8938-4771-B694-40F61918DCF6}.Release|x64.ActiveCfg = Release|iPhone
		{101BD4AC-8938-4771-B694-40F61918DCF6}.Release|x86.ActiveCfg = Release|iPhone
		{CF20698B-427F-45DA-89A9-4E7998D69D5E}.Ad-Hoc|Any CPU.ActiveCfg = Release|x86
		{CF20698B-427F-45DA-89A9-4E7998D69D5E}.Ad-Hoc|Any CPU.Build.0 = Release|x86
		{CF20698B-427F-45DA-89A9-4E7998D69D5E}.Ad-Hoc|Any CPU.Deploy.0 = Release|x86
		{CF20698B-427F-45DA-89A9-4E7998D69D5E}.Ad-Hoc|ARM.ActiveCfg = Release|ARM
		{CF20698B-427F-45DA-89A9-4E7998D69D5E}.Ad-Hoc|ARM.Build.0 = Release|ARM
		{CF20698B-427F-45DA-89A9-4E7998D69D5E}.Ad-Hoc|ARM.Deploy.0 = Release|ARM
		{CF20698B-427F-45DA-89A9-4E7998D69D5E}.Ad-Hoc|iPhone.ActiveCfg = Release|x86
		{CF20698B-427F-45DA-89A9-4E7998D69D5E}.Ad-Hoc|iPhone.Build.0 = Release|x86
		{CF20698B-427F-45DA-89A9-4E7998D69D5E}.Ad-Hoc|iPhone.Deploy.0 = Release|x86
		{CF20698B-427F-45DA-89A9-4E7998D69D5E}.Ad-Hoc|iPhoneSimulator.ActiveCfg = Release|x86
		{CF20698B-427F-45DA-89A9-4E7998D69D5E}.Ad-Hoc|iPhoneSimulator.Build.0 = Release|x86
		{CF20698B-427F-45DA-89A9-4E7998D69D5E}.Ad-Hoc|iPhoneSimulator.Deploy.0 = Release|x86
		{CF20698B-427F-45DA-89A9-4E7998D69D5E}.Ad-Hoc|x64.ActiveCfg = Release|x64
		{CF20698B-427F-45DA-89A9-4E7998D69D5E}.Ad-Hoc|x64.Build.0 = Release|x64
		{CF20698B-427F-45DA-89A9-4E7998D69D5E}.Ad-Hoc|x64.Deploy.0 = Release|x64
		{CF20698B-427F-45DA-89A9-4E7998D69D5E}.Ad-Hoc|x86.ActiveCfg = Release|x86
		{CF20698B-427F-45DA-89A9-4E7998D69D5E}.Ad-Hoc|x86.Build.0 = Release|x86
		{CF20698B-427F-45DA-89A9-4E7998D69D5E}.Ad-Hoc|x86.Deploy.0 = Release|x86
		{CF20698B-427F-45DA-89A9-4E7998D69D5E}.AppStore|Any CPU.ActiveCfg = Release|x86
		{CF20698B-427F-45DA-89A9-4E7998D69D5E}.AppStore|Any CPU.Build.0 = Release|x86
		{CF20698B-427F-45DA-89A9-4E7998D69D5E}.AppStore|Any CPU.Deploy.0 = Release|x86
		{CF20698B-427F-45DA-89A9-4E7998D69D5E}.AppStore|ARM.ActiveCfg = Release|ARM
		{CF20698B-427F-45DA-89A9-4E7998D69D5E}.AppStore|ARM.Build.0 = Release|ARM
		{CF20698B-427F-45DA-89A9-4E7998D69D5E}.AppStore|ARM.Deploy.0 = Release|ARM
		{CF20698B-427F-45DA-89A9-4E7998D69D5E}.AppStore|iPhone.ActiveCfg = Release|x86
		{CF20698B-427F-45DA-89A9-4E7998D69D5E}.AppStore|iPhone.Build.0 = Release|x86
		{CF20698B-427F-45DA-89A9-4E7998D69D5E}.AppStore|iPhone.Deploy.0 = Release|x86
		{CF20698B-427F-45DA-89A9-4E7998D69D5E}.AppStore|iPhoneSimulator.ActiveCfg = Release|x86
		{CF20698B-427F-45DA-89A9-4E7998D69D5E}.AppStore|iPhoneSimulator.Build.0 = Release|x86
		{CF20698B-427F-45DA-89A9-4E7998D69D5E}.AppStore|iPhoneSimulator.Deploy.0 = Release|x86
		{CF20698B-427F-45DA-89A9-4E7998D69D5E}.AppStore|x64.ActiveCfg = Release|x64
		{CF20698B-427F-45DA-89A9-4E7998D69D5E}.AppStore|x64.Build.0 = Release|x64
		{CF20698B-427F-45DA-89A9-4E7998D69D5E}.AppStore|x64.Deploy.0 = Release|x64
		{CF20698B-427F-45DA-89A9-4E7998D69D5E}.AppStore|x86.ActiveCfg = Release|x86
		{CF20698B-427F-45DA-89A9-4E7998D69D5E}.AppStore|x86.Build.0 = Release|x86
		{CF20698B-427F-45DA-89A9-4E7998D69D5E}.AppStore|x86.Deploy.0 = Release|x86
		{CF20698B-427F-45DA-89A9-4E7998D69D5E}.Debug|Any CPU.ActiveCfg = Debug|x86
		{CF20698B-427F-45DA-89A9-4E7998D69D5E}.Debug|ARM.ActiveCfg = Debug|ARM
		{CF20698B-427F-45DA-89A9-4E7998D69D5E}.Debug|ARM.Build.0 = Debug|ARM
		{CF20698B-427F-45DA-89A9-4E7998D69D5E}.Debug|ARM.Deploy.0 = Debug|ARM
		{CF20698B-427F-45DA-89A9-4E7998D69D5E}.Debug|iPhone.ActiveCfg = Debug|x86
		{CF20698B-427F-45DA-89A9-4E7998D69D5E}.Debug|iPhoneSimulator.ActiveCfg = Debug|x86
		{CF20698B-427F-45DA-89A9-4E7998D69D5E}.Debug|x64.ActiveCfg = Debug|x64
		{CF20698B-427F-45DA-89A9-4E7998D69D5E}.Debug|x64.Build.0 = Debug|x64
		{CF20698B-427F-45DA-89A9-4E7998D69D5E}.Debug|x64.Deploy.0 = Debug|x64
		{CF20698B-427F-45DA-89A9-4E7998D69D5E}.Debug|x86.ActiveCfg = Debug|x86
		{CF20698B-427F-45DA-89A9-4E7998D69D5E}.Debug|x86.Build.0 = Debug|x86
		{CF20698B-427F-45DA-89A9-4E7998D69D5E}.Debug|x86.Deploy.0 = Debug|x86
		{CF20698B-427F-45DA-89A9-4E7998D69D5E}.Release|Any CPU.ActiveCfg = Release|x86
		{CF20698B-427F-45DA-89A9-4E7998D69D5E}.Release|ARM.ActiveCfg = Release|ARM
		{CF20698B-427F-45DA-89A9-4E7998D69D5E}.Release|ARM.Build.0 = Release|ARM
		{CF20698B-427F-45DA-89A9-4E7998D69D5E}.Release|ARM.Deploy.0 = Release|ARM
		{CF20698B-427F-45DA-89A9-4E7998D69D5E}.Release|iPhone.ActiveCfg = Release|x86
		{CF20698B-427F-45DA-89A9-4E7998D69D5E}.Release|iPhoneSimulator.ActiveCfg = Release|x86
		{CF20698B-427F-45DA-89A9-4E7998D69D5E}.Release|x64.ActiveCfg = Release|x64
		{CF20698B-427F-45DA-89A9-4E7998D69D5E}.Release|x64.Build.0 = Release|x64
		{CF20698B-427F-45DA-89A9-4E7998D69D5E}.Release|x64.Deploy.0 = Release|x64
		{CF20698B-427F-45DA-89A9-4E7998D69D5E}.Release|x86.ActiveCfg = Release|x86
		{CF20698B-427F-45DA-89A9-4E7998D69D5E}.Release|x86.Build.0 = Release|x86
		{CF20698B-427F-45DA-89A9-4E7998D69D5E}.Release|x86.Deploy.0 = Release|x86
		{D14E3F26-1820-4FEF-9015-E42C8E8B4E05}.Ad-Hoc|Any CPU.ActiveCfg = Release|Any CPU
		{D14E3F26-1820-4FEF-9015-E42C8E8B4E05}.Ad-Hoc|Any CPU.Build.0 = Release|Any CPU
		{D14E3F26-1820-4FEF-9015-E42C8E8B4E05}.Ad-Hoc|Any CPU.Deploy.0 = Release|Any CPU
		{D14E3F26-1820-4FEF-9015-E42C8E8B4E05}.Ad-Hoc|ARM.ActiveCfg = Release|Any CPU
		{D14E3F26-1820-4FEF-9015-E42C8E8B4E05}.Ad-Hoc|ARM.Build.0 = Release|Any CPU
		{D14E3F26-1820-4FEF-9015-E42C8E8B4E05}.Ad-Hoc|ARM.Deploy.0 = Release|Any CPU
		{D14E3F26-1820-4FEF-9015-E42C8E8B4E05}.Ad-Hoc|iPhone.ActiveCfg = Release|Any CPU
		{D14E3F26-1820-4FEF-9015-E42C8E8B4E05}.Ad-Hoc|iPhone.Build.0 = Release|Any CPU
		{D14E3F26-1820-4FEF-9015-E42C8E8B4E05}.Ad-Hoc|iPhone.Deploy.0 = Release|Any CPU
		{D14E3F26-1820-4FEF-9015-E42C8E8B4E05}.Ad-Hoc|iPhoneSimulator.ActiveCfg = Release|Any CPU
		{D14E3F26-1820-4FEF-9015-E42C8E8B4E05}.Ad-Hoc|iPhoneSimulator.Build.0 = Release|Any CPU
		{D14E3F26-1820-4FEF-9015-E42C8E8B4E05}.Ad-Hoc|iPhoneSimulator.Deploy.0 = Release|Any CPU
		{D14E3F26-1820-4FEF-9015-E42C8E8B4E05}.Ad-Hoc|x64.ActiveCfg = Release|Any CPU
		{D14E3F26-1820-4FEF-9015-E42C8E8B4E05}.Ad-Hoc|x64.Build.0 = Release|Any CPU
		{D14E3F26-1820-4FEF-9015-E42C8E8B4E05}.Ad-Hoc|x64.Deploy.0 = Release|Any CPU
		{D14E3F26-1820-4FEF-9015-E42C8E8B4E05}.Ad-Hoc|x86.ActiveCfg = Release|Any CPU
		{D14E3F26-1820-4FEF-9015-E42C8E8B4E05}.Ad-Hoc|x86.Build.0 = Release|Any CPU
		{D14E3F26-1820-4FEF-9015-E42C8E8B4E05}.Ad-Hoc|x86.Deploy.0 = Release|Any CPU
		{D14E3F26-1820-4FEF-9015-E42C8E8B4E05}.AppStore|Any CPU.ActiveCfg = Release|Any CPU
		{D14E3F26-1820-4FEF-9015-E42C8E8B4E05}.AppStore|Any CPU.Build.0 = Release|Any CPU
		{D14E3F26-1820-4FEF-9015-E42C8E8B4E05}.AppStore|Any CPU.Deploy.0 = Release|Any CPU
		{D14E3F26-1820-4FEF-9015-E42C8E8B4E05}.AppStore|ARM.ActiveCfg = Release|Any CPU
		{D14E3F26-1820-4FEF-9015-E42C8E8B4E05}.AppStore|ARM.Build.0 = Release|Any CPU
		{D14E3F26-1820-4FEF-9015-E42C8E8B4E05}.AppStore|ARM.Deploy.0 = Release|Any CPU
		{D14E3F26-1820-4FEF-9015-E42C8E8B4E05}.AppStore|iPhone.ActiveCfg = Release|Any CPU
		{D14E3F26-1820-4FEF-9015-E42C8E8B4E05}.AppStore|iPhone.Build.0 = Release|Any CPU
		{D14E3F26-1820-4FEF-9015-E42C8E8B4E05}.AppStore|iPhone.Deploy.0 = Release|Any CPU
		{D14E3F26-1820-4FEF-9015-E42C8E8B4E05}.AppStore|iPhoneSimulator.ActiveCfg = Release|Any CPU
		{D14E3F26-1820-4FEF-9015-E42C8E8B4E05}.AppStore|iPhoneSimulator.Build.0 = Release|Any CPU
		{D14E3F26-1820-4FEF-9015-E42C8E8B4E05}.AppStore|iPhoneSimulator.Deploy.0 = Release|Any CPU
		{D14E3F26-1820-4FEF-9015-E42C8E8B4E05}.AppStore|x64.ActiveCfg = Release|Any CPU
		{D14E3F26-1820-4FEF-9015-E42C8E8B4E05}.AppStore|x64.Build.0 = Release|Any CPU
		{D14E3F26-1820-4FEF-9015-E42C8E8B4E05}.AppStore|x64.Deploy.0 = Release|Any CPU
		{D14E3F26-1820-4FEF-9015-E42C8E8B4E05}.AppStore|x86.ActiveCfg = Release|Any CPU
		{D14E3F26-1820-4FEF-9015-E42C8E8B4E05}.AppStore|x86.Build.0 = Release|Any CPU
		{D14E3F26-1820-4FEF-9015-E42C8E8B4E05}.AppStore|x86.Deploy.0 = Release|Any CPU
		{D14E3F26-1820-4FEF-9015-E42C8E8B4E05}.Debug|Any CPU.ActiveCfg = Debug|Any CPU
		{D14E3F26-1820-4FEF-9015-E42C8E8B4E05}.Debug|Any CPU.Build.0 = Debug|Any CPU
		{D14E3F26-1820-4FEF-9015-E42C8E8B4E05}.Debug|Any CPU.Deploy.0 = Debug|Any CPU
		{D14E3F26-1820-4FEF-9015-E42C8E8B4E05}.Debug|ARM.ActiveCfg = Debug|Any CPU
		{D14E3F26-1820-4FEF-9015-E42C8E8B4E05}.Debug|ARM.Build.0 = Debug|Any CPU
		{D14E3F26-1820-4FEF-9015-E42C8E8B4E05}.Debug|ARM.Deploy.0 = Debug|Any CPU
		{D14E3F26-1820-4FEF-9015-E42C8E8B4E05}.Debug|iPhone.ActiveCfg = Debug|Any CPU
		{D14E3F26-1820-4FEF-9015-E42C8E8B4E05}.Debug|iPhone.Build.0 = Debug|Any CPU
		{D14E3F26-1820-4FEF-9015-E42C8E8B4E05}.Debug|iPhone.Deploy.0 = Debug|Any CPU
		{D14E3F26-1820-4FEF-9015-E42C8E8B4E05}.Debug|iPhoneSimulator.ActiveCfg = Debug|Any CPU
		{D14E3F26-1820-4FEF-9015-E42C8E8B4E05}.Debug|iPhoneSimulator.Build.0 = Debug|Any CPU
		{D14E3F26-1820-4FEF-9015-E42C8E8B4E05}.Debug|iPhoneSimulator.Deploy.0 = Debug|Any CPU
		{D14E3F26-1820-4FEF-9015-E42C8E8B4E05}.Debug|x64.ActiveCfg = Debug|Any CPU
		{D14E3F26-1820-4FEF-9015-E42C8E8B4E05}.Debug|x64.Build.0 = Debug|Any CPU
		{D14E3F26-1820-4FEF-9015-E42C8E8B4E05}.Debug|x64.Deploy.0 = Debug|Any CPU
		{D14E3F26-1820-4FEF-9015-E42C8E8B4E05}.Debug|x86.ActiveCfg = Debug|Any CPU
		{D14E3F26-1820-4FEF-9015-E42C8E8B4E05}.Debug|x86.Build.0 = Debug|Any CPU
		{D14E3F26-1820-4FEF-9015-E42C8E8B4E05}.Debug|x86.Deploy.0 = Debug|Any CPU
		{D14E3F26-1820-4FEF-9015-E42C8E8B4E05}.Release|Any CPU.ActiveCfg = Release|Any CPU
		{D14E3F26-1820-4FEF-9015-E42C8E8B4E05}.Release|Any CPU.Build.0 = Release|Any CPU
		{D14E3F26-1820-4FEF-9015-E42C8E8B4E05}.Release|Any CPU.Deploy.0 = Release|Any CPU
		{D14E3F26-1820-4FEF-9015-E42C8E8B4E05}.Release|ARM.ActiveCfg = Release|Any CPU
		{D14E3F26-1820-4FEF-9015-E42C8E8B4E05}.Release|ARM.Build.0 = Release|Any CPU
		{D14E3F26-1820-4FEF-9015-E42C8E8B4E05}.Release|ARM.Deploy.0 = Release|Any CPU
		{D14E3F26-1820-4FEF-9015-E42C8E8B4E05}.Release|iPhone.ActiveCfg = Release|Any CPU
		{D14E3F26-1820-4FEF-9015-E42C8E8B4E05}.Release|iPhone.Build.0 = Release|Any CPU
		{D14E3F26-1820-4FEF-9015-E42C8E8B4E05}.Release|iPhone.Deploy.0 = Release|Any CPU
		{D14E3F26-1820-4FEF-9015-E42C8E8B4E05}.Release|iPhoneSimulator.ActiveCfg = Release|Any CPU
		{D14E3F26-1820-4FEF-9015-E42C8E8B4E05}.Release|iPhoneSimulator.Build.0 = Release|Any CPU
		{D14E3F26-1820-4FEF-9015-E42C8E8B4E05}.Release|iPhoneSimulator.Deploy.0 = Release|Any CPU
		{D14E3F26-1820-4FEF-9015-E42C8E8B4E05}.Release|x64.ActiveCfg = Release|Any CPU
		{D14E3F26-1820-4FEF-9015-E42C8E8B4E05}.Release|x64.Build.0 = Release|Any CPU
		{D14E3F26-1820-4FEF-9015-E42C8E8B4E05}.Release|x64.Deploy.0 = Release|Any CPU
		{D14E3F26-1820-4FEF-9015-E42C8E8B4E05}.Release|x86.ActiveCfg = Release|Any CPU
		{D14E3F26-1820-4FEF-9015-E42C8E8B4E05}.Release|x86.Build.0 = Release|Any CPU
		{D14E3F26-1820-4FEF-9015-E42C8E8B4E05}.Release|x86.Deploy.0 = Release|Any CPU
		{4EC3A8F6-E487-488F-9A6F-03775DBF0A22}.Ad-Hoc|Any CPU.ActiveCfg = Debug|Any CPU
		{4EC3A8F6-E487-488F-9A6F-03775DBF0A22}.Ad-Hoc|Any CPU.Build.0 = Debug|Any CPU
		{4EC3A8F6-E487-488F-9A6F-03775DBF0A22}.Ad-Hoc|ARM.ActiveCfg = Debug|Any CPU
		{4EC3A8F6-E487-488F-9A6F-03775DBF0A22}.Ad-Hoc|ARM.Build.0 = Debug|Any CPU
		{4EC3A8F6-E487-488F-9A6F-03775DBF0A22}.Ad-Hoc|iPhone.ActiveCfg = Debug|Any CPU
		{4EC3A8F6-E487-488F-9A6F-03775DBF0A22}.Ad-Hoc|iPhone.Build.0 = Debug|Any CPU
		{4EC3A8F6-E487-488F-9A6F-03775DBF0A22}.Ad-Hoc|iPhoneSimulator.ActiveCfg = Debug|Any CPU
		{4EC3A8F6-E487-488F-9A6F-03775DBF0A22}.Ad-Hoc|iPhoneSimulator.Build.0 = Debug|Any CPU
		{4EC3A8F6-E487-488F-9A6F-03775DBF0A22}.Ad-Hoc|x64.ActiveCfg = Debug|Any CPU
		{4EC3A8F6-E487-488F-9A6F-03775DBF0A22}.Ad-Hoc|x64.Build.0 = Debug|Any CPU
		{4EC3A8F6-E487-488F-9A6F-03775DBF0A22}.Ad-Hoc|x86.ActiveCfg = Debug|Any CPU
		{4EC3A8F6-E487-488F-9A6F-03775DBF0A22}.Ad-Hoc|x86.Build.0 = Debug|Any CPU
		{4EC3A8F6-E487-488F-9A6F-03775DBF0A22}.AppStore|Any CPU.ActiveCfg = Debug|Any CPU
		{4EC3A8F6-E487-488F-9A6F-03775DBF0A22}.AppStore|Any CPU.Build.0 = Debug|Any CPU
		{4EC3A8F6-E487-488F-9A6F-03775DBF0A22}.AppStore|ARM.ActiveCfg = Debug|Any CPU
		{4EC3A8F6-E487-488F-9A6F-03775DBF0A22}.AppStore|ARM.Build.0 = Debug|Any CPU
		{4EC3A8F6-E487-488F-9A6F-03775DBF0A22}.AppStore|iPhone.ActiveCfg = Debug|Any CPU
		{4EC3A8F6-E487-488F-9A6F-03775DBF0A22}.AppStore|iPhone.Build.0 = Debug|Any CPU
		{4EC3A8F6-E487-488F-9A6F-03775DBF0A22}.AppStore|iPhoneSimulator.ActiveCfg = Debug|Any CPU
		{4EC3A8F6-E487-488F-9A6F-03775DBF0A22}.AppStore|iPhoneSimulator.Build.0 = Debug|Any CPU
		{4EC3A8F6-E487-488F-9A6F-03775DBF0A22}.AppStore|x64.ActiveCfg = Debug|Any CPU
		{4EC3A8F6-E487-488F-9A6F-03775DBF0A22}.AppStore|x64.Build.0 = Debug|Any CPU
		{4EC3A8F6-E487-488F-9A6F-03775DBF0A22}.AppStore|x86.ActiveCfg = Debug|Any CPU
		{4EC3A8F6-E487-488F-9A6F-03775DBF0A22}.AppStore|x86.Build.0 = Debug|Any CPU
		{4EC3A8F6-E487-488F-9A6F-03775DBF0A22}.Debug|Any CPU.ActiveCfg = Debug|Any CPU
		{4EC3A8F6-E487-488F-9A6F-03775DBF0A22}.Debug|Any CPU.Build.0 = Debug|Any CPU
		{4EC3A8F6-E487-488F-9A6F-03775DBF0A22}.Debug|ARM.ActiveCfg = Debug|Any CPU
		{4EC3A8F6-E487-488F-9A6F-03775DBF0A22}.Debug|ARM.Build.0 = Debug|Any CPU
		{4EC3A8F6-E487-488F-9A6F-03775DBF0A22}.Debug|iPhone.ActiveCfg = Debug|Any CPU
		{4EC3A8F6-E487-488F-9A6F-03775DBF0A22}.Debug|iPhone.Build.0 = Debug|Any CPU
		{4EC3A8F6-E487-488F-9A6F-03775DBF0A22}.Debug|iPhoneSimulator.ActiveCfg = Debug|Any CPU
		{4EC3A8F6-E487-488F-9A6F-03775DBF0A22}.Debug|iPhoneSimulator.Build.0 = Debug|Any CPU
		{4EC3A8F6-E487-488F-9A6F-03775DBF0A22}.Debug|x64.ActiveCfg = Debug|Any CPU
		{4EC3A8F6-E487-488F-9A6F-03775DBF0A22}.Debug|x64.Build.0 = Debug|Any CPU
		{4EC3A8F6-E487-488F-9A6F-03775DBF0A22}.Debug|x86.ActiveCfg = Debug|Any CPU
		{4EC3A8F6-E487-488F-9A6F-03775DBF0A22}.Debug|x86.Build.0 = Debug|Any CPU
		{4EC3A8F6-E487-488F-9A6F-03775DBF0A22}.Release|Any CPU.ActiveCfg = Release|Any CPU
		{4EC3A8F6-E487-488F-9A6F-03775DBF0A22}.Release|Any CPU.Build.0 = Release|Any CPU
		{4EC3A8F6-E487-488F-9A6F-03775DBF0A22}.Release|ARM.ActiveCfg = Release|Any CPU
		{4EC3A8F6-E487-488F-9A6F-03775DBF0A22}.Release|ARM.Build.0 = Release|Any CPU
		{4EC3A8F6-E487-488F-9A6F-03775DBF0A22}.Release|iPhone.ActiveCfg = Release|Any CPU
		{4EC3A8F6-E487-488F-9A6F-03775DBF0A22}.Release|iPhone.Build.0 = Release|Any CPU
		{4EC3A8F6-E487-488F-9A6F-03775DBF0A22}.Release|iPhoneSimulator.ActiveCfg = Release|Any CPU
		{4EC3A8F6-E487-488F-9A6F-03775DBF0A22}.Release|iPhoneSimulator.Build.0 = Release|Any CPU
		{4EC3A8F6-E487-488F-9A6F-03775DBF0A22}.Release|x64.ActiveCfg = Release|Any CPU
		{4EC3A8F6-E487-488F-9A6F-03775DBF0A22}.Release|x64.Build.0 = Release|Any CPU
		{4EC3A8F6-E487-488F-9A6F-03775DBF0A22}.Release|x86.ActiveCfg = Release|Any CPU
		{4EC3A8F6-E487-488F-9A6F-03775DBF0A22}.Release|x86.Build.0 = Release|Any CPU
		{52B37321-D0B6-4889-AFB2-9DF90DA7C900}.Ad-Hoc|Any CPU.ActiveCfg = Debug|Any CPU
		{52B37321-D0B6-4889-AFB2-9DF90DA7C900}.Ad-Hoc|Any CPU.Build.0 = Debug|Any CPU
		{52B37321-D0B6-4889-AFB2-9DF90DA7C900}.Ad-Hoc|ARM.ActiveCfg = Debug|Any CPU
		{52B37321-D0B6-4889-AFB2-9DF90DA7C900}.Ad-Hoc|ARM.Build.0 = Debug|Any CPU
		{52B37321-D0B6-4889-AFB2-9DF90DA7C900}.Ad-Hoc|iPhone.ActiveCfg = Debug|Any CPU
		{52B37321-D0B6-4889-AFB2-9DF90DA7C900}.Ad-Hoc|iPhone.Build.0 = Debug|Any CPU
		{52B37321-D0B6-4889-AFB2-9DF90DA7C900}.Ad-Hoc|iPhoneSimulator.ActiveCfg = Debug|Any CPU
		{52B37321-D0B6-4889-AFB2-9DF90DA7C900}.Ad-Hoc|iPhoneSimulator.Build.0 = Debug|Any CPU
		{52B37321-D0B6-4889-AFB2-9DF90DA7C900}.Ad-Hoc|x64.ActiveCfg = Debug|Any CPU
		{52B37321-D0B6-4889-AFB2-9DF90DA7C900}.Ad-Hoc|x64.Build.0 = Debug|Any CPU
		{52B37321-D0B6-4889-AFB2-9DF90DA7C900}.Ad-Hoc|x86.ActiveCfg = Debug|Any CPU
		{52B37321-D0B6-4889-AFB2-9DF90DA7C900}.Ad-Hoc|x86.Build.0 = Debug|Any CPU
		{52B37321-D0B6-4889-AFB2-9DF90DA7C900}.AppStore|Any CPU.ActiveCfg = Debug|Any CPU
		{52B37321-D0B6-4889-AFB2-9DF90DA7C900}.AppStore|Any CPU.Build.0 = Debug|Any CPU
		{52B37321-D0B6-4889-AFB2-9DF90DA7C900}.AppStore|ARM.ActiveCfg = Debug|Any CPU
		{52B37321-D0B6-4889-AFB2-9DF90DA7C900}.AppStore|ARM.Build.0 = Debug|Any CPU
		{52B37321-D0B6-4889-AFB2-9DF90DA7C900}.AppStore|iPhone.ActiveCfg = Debug|Any CPU
		{52B37321-D0B6-4889-AFB2-9DF90DA7C900}.AppStore|iPhone.Build.0 = Debug|Any CPU
		{52B37321-D0B6-4889-AFB2-9DF90DA7C900}.AppStore|iPhoneSimulator.ActiveCfg = Debug|Any CPU
		{52B37321-D0B6-4889-AFB2-9DF90DA7C900}.AppStore|iPhoneSimulator.Build.0 = Debug|Any CPU
		{52B37321-D0B6-4889-AFB2-9DF90DA7C900}.AppStore|x64.ActiveCfg = Debug|Any CPU
		{52B37321-D0B6-4889-AFB2-9DF90DA7C900}.AppStore|x64.Build.0 = Debug|Any CPU
		{52B37321-D0B6-4889-AFB2-9DF90DA7C900}.AppStore|x86.ActiveCfg = Debug|Any CPU
		{52B37321-D0B6-4889-AFB2-9DF90DA7C900}.AppStore|x86.Build.0 = Debug|Any CPU
		{52B37321-D0B6-4889-AFB2-9DF90DA7C900}.Debug|Any CPU.ActiveCfg = Debug|Any CPU
		{52B37321-D0B6-4889-AFB2-9DF90DA7C900}.Debug|Any CPU.Build.0 = Debug|Any CPU
		{52B37321-D0B6-4889-AFB2-9DF90DA7C900}.Debug|ARM.ActiveCfg = Debug|Any CPU
		{52B37321-D0B6-4889-AFB2-9DF90DA7C900}.Debug|ARM.Build.0 = Debug|Any CPU
		{52B37321-D0B6-4889-AFB2-9DF90DA7C900}.Debug|iPhone.ActiveCfg = Debug|Any CPU
		{52B37321-D0B6-4889-AFB2-9DF90DA7C900}.Debug|iPhone.Build.0 = Debug|Any CPU
		{52B37321-D0B6-4889-AFB2-9DF90DA7C900}.Debug|iPhoneSimulator.ActiveCfg = Debug|Any CPU
		{52B37321-D0B6-4889-AFB2-9DF90DA7C900}.Debug|iPhoneSimulator.Build.0 = Debug|Any CPU
		{52B37321-D0B6-4889-AFB2-9DF90DA7C900}.Debug|x64.ActiveCfg = Debug|Any CPU
		{52B37321-D0B6-4889-AFB2-9DF90DA7C900}.Debug|x64.Build.0 = Debug|Any CPU
		{52B37321-D0B6-4889-AFB2-9DF90DA7C900}.Debug|x86.ActiveCfg = Debug|Any CPU
		{52B37321-D0B6-4889-AFB2-9DF90DA7C900}.Debug|x86.Build.0 = Debug|Any CPU
		{52B37321-D0B6-4889-AFB2-9DF90DA7C900}.Release|Any CPU.ActiveCfg = Release|Any CPU
		{52B37321-D0B6-4889-AFB2-9DF90DA7C900}.Release|Any CPU.Build.0 = Release|Any CPU
		{52B37321-D0B6-4889-AFB2-9DF90DA7C900}.Release|ARM.ActiveCfg = Release|Any CPU
		{52B37321-D0B6-4889-AFB2-9DF90DA7C900}.Release|ARM.Build.0 = Release|Any CPU
		{52B37321-D0B6-4889-AFB2-9DF90DA7C900}.Release|iPhone.ActiveCfg = Release|Any CPU
		{52B37321-D0B6-4889-AFB2-9DF90DA7C900}.Release|iPhone.Build.0 = Release|Any CPU
		{52B37321-D0B6-4889-AFB2-9DF90DA7C900}.Release|iPhoneSimulator.ActiveCfg = Release|Any CPU
		{52B37321-D0B6-4889-AFB2-9DF90DA7C900}.Release|iPhoneSimulator.Build.0 = Release|Any CPU
		{52B37321-D0B6-4889-AFB2-9DF90DA7C900}.Release|x64.ActiveCfg = Release|Any CPU
		{52B37321-D0B6-4889-AFB2-9DF90DA7C900}.Release|x64.Build.0 = Release|Any CPU
		{52B37321-D0B6-4889-AFB2-9DF90DA7C900}.Release|x86.ActiveCfg = Release|Any CPU
		{52B37321-D0B6-4889-AFB2-9DF90DA7C900}.Release|x86.Build.0 = Release|Any CPU
	EndGlobalSection
	GlobalSection(SolutionProperties) = preSolution
		HideSolutionNode = FALSE
	EndGlobalSection
	GlobalSection(ExtensibilityGlobals) = postSolution
		SolutionGuid = {6F7068AC-3EDA-41E8-86B8-F3A8F03EB2DD}
	EndGlobalSection
EndGlobal
